
Microsoft Visual Studio Solution File, Format Version 12.00
# Visual Studio Version 17
VisualStudioVersion = 17.8.34330.188
MinimumVisualStudioVersion = 10.0.40219.1
Project("{8BC9CEB8-8B4A-11D0-8D11-00A0C91BC942}") = "test", "test.vcxproj", "{644CA7BA-E2A2-4C7B-BF4A-A8FA87E5ACF6}"
EndProject
Global
	GlobalSection(SolutionConfigurationPlatforms) = preSolution
		Debug|x64 = Debug|x64
		Debug|x86 = Debug|x86
		Release|x64 = Release|x64
		Release|x86 = Release|x86
	EndGlobalSection
	GlobalSection(ProjectConfigurationPlatforms) = postSolution
		{644CA7BA-E2A2-4C7B-BF4A-A8FA87E5ACF6}.Debug|x64.ActiveCfg = Debug|x64
		{644CA7BA-E2A2-4C7B-BF4A-A8FA87E5ACF6}.Debug|x64.Build.0 = Debug|x64
		{644CA7BA-E2A2-4C7B-BF4A-A8FA87E5ACF6}.Debug|x86.ActiveCfg = Debug|Win32
		{644CA7BA-E2A2-4C7B-BF4A-A8FA87E5ACF6}.Debug|x86.Build.0 = Debug|Win32
		{644CA7BA-E2A2-4C7B-BF4A-A8FA87E5ACF6}.Release|x64.ActiveCfg = Release|x64
		{644CA7BA-E2A2-4C7B-BF4A-A8FA87E5ACF6}.Release|x64.Build.0 = Release|x64
		{644CA7BA-E2A2-4C7B-BF4A-A8FA87E5ACF6}.Release|x86.ActiveCfg = Release|Win32
		{644CA7BA-E2A2-4C7B-BF4A-A8FA87E5ACF6}.Release|x86.Build.0 = Release|Win32
	EndGlobalSection
	GlobalSection(SolutionProperties) = preSolution
		HideSolutionNode = FALSE
	EndGlobalSection
	GlobalSection(ExtensibilityGlobals) = postSolution
		SolutionGuid = {52268169-D3A4-4C48-A4CB-4204C62E1CF7}
	EndGlobalSection
EndGlobal
